
Microsoft Visual Studio Solution File, Format Version 12.00
# Visual Studio Version 16
VisualStudioVersion = 16.0.29806.167
MinimumVisualStudioVersion = 10.0.40219.1
Project("{FAE04EC0-301F-11D3-BF4B-00C04F79EFBC}") = "PulsacionesY", "PulsacionesY\PulsacionesY.csproj", "{50873770-AEEB-4155-8C03-34137127A86B}"
EndProject
Project("{FAE04EC0-301F-11D3-BF4B-00C04F79EFBC}") = "DAL", "DAL\DAL.csproj", "{A2D4BB6A-486D-4A84-A3DA-0604C05CBB61}"
EndProject
Project("{FAE04EC0-301F-11D3-BF4B-00C04F79EFBC}") = "BLL", "BLL\BLL.csproj", "{6B53CB04-BF38-4CDD-9D78-13248B427C11}"
EndProject
Project("{FAE04EC0-301F-11D3-BF4B-00C04F79EFBC}") = "Entity", "Entity\Entity.csproj", "{2891E19C-7B1B-4176-B8DF-5B3F453B7058}"
EndProject
Project("{FAE04EC0-301F-11D3-BF4B-00C04F79EFBC}") = "PulsacionesGUI", "PulsacionesGUI\PulsacionesGUI.csproj", "{532C725C-321C-4649-B59A-9201B7EFDDCD}"
EndProject
Project("{FAE04EC0-301F-11D3-BF4B-00C04F79EFBC}") = "Infraestructura", "Infraestructura\Infraestructura.csproj", "{43819679-A113-4213-A539-4A863F0F3701}"
EndProject
Global
	GlobalSection(SolutionConfigurationPlatforms) = preSolution
		Debug|Any CPU = Debug|Any CPU
		Release|Any CPU = Release|Any CPU
	EndGlobalSection
	GlobalSection(ProjectConfigurationPlatforms) = postSolution
		{50873770-AEEB-4155-8C03-34137127A86B}.Debug|Any CPU.ActiveCfg = Debug|Any CPU
		{50873770-AEEB-4155-8C03-34137127A86B}.Debug|Any CPU.Build.0 = Debug|Any CPU
		{50873770-AEEB-4155-8C03-34137127A86B}.Release|Any CPU.ActiveCfg = Release|Any CPU
		{50873770-AEEB-4155-8C03-34137127A86B}.Release|Any CPU.Build.0 = Release|Any CPU
		{A2D4BB6A-486D-4A84-A3DA-0604C05CBB61}.Debug|Any CPU.ActiveCfg = Debug|Any CPU
		{A2D4BB6A-486D-4A84-A3DA-0604C05CBB61}.Debug|Any CPU.Build.0 = Debug|Any CPU
		{A2D4BB6A-486D-4A84-A3DA-0604C05CBB61}.Release|Any CPU.ActiveCfg = Release|Any CPU
		{A2D4BB6A-486D-4A84-A3DA-0604C05CBB61}.Release|Any CPU.Build.0 = Release|Any CPU
		{6B53CB04-BF38-4CDD-9D78-13248B427C11}.Debug|Any CPU.ActiveCfg = Debug|Any CPU
		{6B53CB04-BF38-4CDD-9D78-13248B427C11}.Debug|Any CPU.Build.0 = Debug|Any CPU
		{6B53CB04-BF38-4CDD-9D78-13248B427C11}.Release|Any CPU.ActiveCfg = Release|Any CPU
		{6B53CB04-BF38-4CDD-9D78-13248B427C11}.Release|Any CPU.Build.0 = Release|Any CPU
		{2891E19C-7B1B-4176-B8DF-5B3F453B7058}.Debug|Any CPU.ActiveCfg = Debug|Any CPU
		{2891E19C-7B1B-4176-B8DF-5B3F453B7058}.Debug|Any CPU.Build.0 = Debug|Any CPU
		{2891E19C-7B1B-4176-B8DF-5B3F453B7058}.Release|Any CPU.ActiveCfg = Release|Any CPU
		{2891E19C-7B1B-4176-B8DF-5B3F453B7058}.Release|Any CPU.Build.0 = Release|Any CPU
		{532C725C-321C-4649-B59A-9201B7EFDDCD}.Debug|Any CPU.ActiveCfg = Debug|Any CPU
		{532C725C-321C-4649-B59A-9201B7EFDDCD}.Debug|Any CPU.Build.0 = Debug|Any CPU
		{532C725C-321C-4649-B59A-9201B7EFDDCD}.Release|Any CPU.ActiveCfg = Release|Any CPU
		{532C725C-321C-4649-B59A-9201B7EFDDCD}.Release|Any CPU.Build.0 = Release|Any CPU
		{43819679-A113-4213-A539-4A863F0F3701}.Debug|Any CPU.ActiveCfg = Debug|Any CPU
		{43819679-A113-4213-A539-4A863F0F3701}.Debug|Any CPU.Build.0 = Debug|Any CPU
		{43819679-A113-4213-A539-4A863F0F3701}.Release|Any CPU.ActiveCfg = Release|Any CPU
		{43819679-A113-4213-A539-4A863F0F3701}.Release|Any CPU.Build.0 = Release|Any CPU
	EndGlobalSection
	GlobalSection(SolutionProperties) = preSolution
		HideSolutionNode = FALSE
	EndGlobalSection
	GlobalSection(ExtensibilityGlobals) = postSolution
		SolutionGuid = {AD04FB08-170F-4590-9DCD-37EA43298646}
	EndGlobalSection
EndGlobal
